
Microsoft Visual Studio Solution File, Format Version 11.00
# Visual Studio 2010
Project("{FAE04EC0-301F-11D3-BF4B-00C04F79EFBC}") = "2009001_041_IA_Project_Inpainting", "2009001_041_IA_Project_Inpainting\2009001_041_IA_Project_Inpainting.csproj", "{F44930EF-30F2-4BA8-97EF-4120B63D606E}"
EndProject
Global
	GlobalSection(SolutionConfigurationPlatforms) = preSolution
		Debug|x86 = Debug|x86
		Release|x86 = Release|x86
	EndGlobalSection
	GlobalSection(ProjectConfigurationPlatforms) = postSolution
		{F44930EF-30F2-4BA8-97EF-4120B63D606E}.Debug|x86.ActiveCfg = Debug|x86
		{F44930EF-30F2-4BA8-97EF-4120B63D606E}.Debug|x86.Build.0 = Debug|x86
		{F44930EF-30F2-4BA8-97EF-4120B63D606E}.Release|x86.ActiveCfg = Release|x86
		{F44930EF-30F2-4BA8-97EF-4120B63D606E}.Release|x86.Build.0 = Release|x86
	EndGlobalSection
	GlobalSection(SolutionProperties) = preSolution
		HideSolutionNode = FALSE
	EndGlobalSection
EndGlobal
